
Microsoft Visual Studio Solution File, Format Version 12.00
# Visual Studio 14
VisualStudioVersion = 14.0.23107.0
MinimumVisualStudioVersion = 10.0.40219.1
Project("{FAE04EC0-301F-11D3-BF4B-00C04F79EFBC}") = "Job App Data", "Job App Data\Job App Data.csproj", "{606F1FAE-2676-4BB9-8FFC-CB85D6475409}"
EndProject
Project("{00D1A9C2-B5F0-4AF3-8072-F6C62B433612}") = "UserDatabase", "UserDatabase\UserDatabase.sqlproj", "{30078A41-55CE-4CA4-8860-5F655BCC6280}"
EndProject
Project("{FAE04EC0-301F-11D3-BF4B-00C04F79EFBC}") = "WebService", "WebService\WebService.csproj", "{22F6EF22-6A4B-47C3-B11F-789E837DA438}"
EndProject
Global
	GlobalSection(SolutionConfigurationPlatforms) = preSolution
		Debug|Any CPU = Debug|Any CPU
		Release|Any CPU = Release|Any CPU
	EndGlobalSection
	GlobalSection(ProjectConfigurationPlatforms) = postSolution
		{606F1FAE-2676-4BB9-8FFC-CB85D6475409}.Debug|Any CPU.ActiveCfg = Debug|Any CPU
		{606F1FAE-2676-4BB9-8FFC-CB85D6475409}.Debug|Any CPU.Build.0 = Debug|Any CPU
		{606F1FAE-2676-4BB9-8FFC-CB85D6475409}.Release|Any CPU.ActiveCfg = Release|Any CPU
		{606F1FAE-2676-4BB9-8FFC-CB85D6475409}.Release|Any CPU.Build.0 = Release|Any CPU
		{30078A41-55CE-4CA4-8860-5F655BCC6280}.Debug|Any CPU.ActiveCfg = Debug|Any CPU
		{30078A41-55CE-4CA4-8860-5F655BCC6280}.Debug|Any CPU.Build.0 = Debug|Any CPU
		{30078A41-55CE-4CA4-8860-5F655BCC6280}.Debug|Any CPU.Deploy.0 = Debug|Any CPU
		{30078A41-55CE-4CA4-8860-5F655BCC6280}.Release|Any CPU.ActiveCfg = Release|Any CPU
		{30078A41-55CE-4CA4-8860-5F655BCC6280}.Release|Any CPU.Build.0 = Release|Any CPU
		{30078A41-55CE-4CA4-8860-5F655BCC6280}.Release|Any CPU.Deploy.0 = Release|Any CPU
		{22F6EF22-6A4B-47C3-B11F-789E837DA438}.Debug|Any CPU.ActiveCfg = Debug|Any CPU
		{22F6EF22-6A4B-47C3-B11F-789E837DA438}.Debug|Any CPU.Build.0 = Debug|Any CPU
		{22F6EF22-6A4B-47C3-B11F-789E837DA438}.Release|Any CPU.ActiveCfg = Release|Any CPU
		{22F6EF22-6A4B-47C3-B11F-789E837DA438}.Release|Any CPU.Build.0 = Release|Any CPU
	EndGlobalSection
	GlobalSection(SolutionProperties) = preSolution
		HideSolutionNode = FALSE
	EndGlobalSection
EndGlobal
